
Microsoft Visual Studio Solution File, Format Version 12.00
# Visual Studio Version 16
VisualStudioVersion = 16.0.30128.74
MinimumVisualStudioVersion = 10.0.40219.1
Project("{FAE04EC0-301F-11D3-BF4B-00C04F79EFBC}") = "asignRKOnline_DemoClient", "asignRKOnline_DemoClient.csproj", "{326C62F7-6776-4F1B-8298-7A903E88F3CE}"
EndProject
Global
	GlobalSection(SolutionConfigurationPlatforms) = preSolution
		Debug|Any CPU = Debug|Any CPU
		Release|Any CPU = Release|Any CPU
	EndGlobalSection
	GlobalSection(ProjectConfigurationPlatforms) = postSolution
		{326C62F7-6776-4F1B-8298-7A903E88F3CE}.Debug|Any CPU.ActiveCfg = Debug|Any CPU
		{326C62F7-6776-4F1B-8298-7A903E88F3CE}.Debug|Any CPU.Build.0 = Debug|Any CPU
		{326C62F7-6776-4F1B-8298-7A903E88F3CE}.Release|Any CPU.ActiveCfg = Release|Any CPU
		{326C62F7-6776-4F1B-8298-7A903E88F3CE}.Release|Any CPU.Build.0 = Release|Any CPU
	EndGlobalSection
	GlobalSection(SolutionProperties) = preSolution
		HideSolutionNode = FALSE
	EndGlobalSection
EndGlobal
