
Microsoft Visual Studio Solution File, Format Version 12.00
# Visual Studio 14
VisualStudioVersion = 14.0.24720.0
MinimumVisualStudioVersion = 10.0.40219.1
Project("{FAE04EC0-301F-11D3-BF4B-00C04F79EFBC}") = "SampleClient", "SampleClient\SampleClient.csproj", "{9832136C-7421-4B73-815C-5CF99E429D79}"
	ProjectSection(ProjectDependencies) = postProject
		{79BCA584-F4AA-4FD8-A044-47270769C482} = {79BCA584-F4AA-4FD8-A044-47270769C482}
	EndProjectSection
EndProject
Project("{FAE04EC0-301F-11D3-BF4B-00C04F79EFBC}") = "libCashRegisterSmartCard", "libCashRegisterSmartCard\libCashRegisterSmartCard.csproj", "{79BCA584-F4AA-4FD8-A044-47270769C482}"
EndProject
Global
	GlobalSection(SolutionConfigurationPlatforms) = preSolution
		Debug|Any CPU = Debug|Any CPU
		Debug|x86 = Debug|x86
		Release|Any CPU = Release|Any CPU
		Release|x86 = Release|x86
	EndGlobalSection
	GlobalSection(ProjectConfigurationPlatforms) = postSolution
		{9832136C-7421-4B73-815C-5CF99E429D79}.Debug|Any CPU.ActiveCfg = Debug|x86
		{9832136C-7421-4B73-815C-5CF99E429D79}.Debug|x86.ActiveCfg = Debug|x86
		{9832136C-7421-4B73-815C-5CF99E429D79}.Debug|x86.Build.0 = Debug|x86
		{9832136C-7421-4B73-815C-5CF99E429D79}.Release|Any CPU.ActiveCfg = Release|x86
		{9832136C-7421-4B73-815C-5CF99E429D79}.Release|x86.ActiveCfg = Release|x86
		{9832136C-7421-4B73-815C-5CF99E429D79}.Release|x86.Build.0 = Release|x86
		{79BCA584-F4AA-4FD8-A044-47270769C482}.Debug|Any CPU.ActiveCfg = Debug|Any CPU
		{79BCA584-F4AA-4FD8-A044-47270769C482}.Debug|Any CPU.Build.0 = Debug|Any CPU
		{79BCA584-F4AA-4FD8-A044-47270769C482}.Debug|x86.ActiveCfg = Debug|Any CPU
		{79BCA584-F4AA-4FD8-A044-47270769C482}.Debug|x86.Build.0 = Debug|Any CPU
		{79BCA584-F4AA-4FD8-A044-47270769C482}.Release|Any CPU.ActiveCfg = Release|Any CPU
		{79BCA584-F4AA-4FD8-A044-47270769C482}.Release|Any CPU.Build.0 = Release|Any CPU
		{79BCA584-F4AA-4FD8-A044-47270769C482}.Release|x86.ActiveCfg = Release|Any CPU
		{79BCA584-F4AA-4FD8-A044-47270769C482}.Release|x86.Build.0 = Release|Any CPU
	EndGlobalSection
	GlobalSection(SolutionProperties) = preSolution
		HideSolutionNode = FALSE
	EndGlobalSection
EndGlobal
